
Microsoft Visual Studio Solution File, Format Version 12.00
# Visual Studio Version 17
VisualStudioVersion = 17.5.002.0
MinimumVisualStudioVersion = 10.0.40219.1
Project("{9A19103F-16F7-4668-BE54-9A1E7A4F7556}") = "scheduling", "scheduling.csproj", "{AB3C3FFF-428D-403E-BC1D-EEB6693939BA}"
EndProject
Global
	GlobalSection(SolutionConfigurationPlatforms) = preSolution
		Debug|Any CPU = Debug|Any CPU
		Release|Any CPU = Release|Any CPU
	EndGlobalSection
	GlobalSection(ProjectConfigurationPlatforms) = postSolution
		{AB3C3FFF-428D-403E-BC1D-EEB6693939BA}.Debug|Any CPU.ActiveCfg = Debug|Any CPU
		{AB3C3FFF-428D-403E-BC1D-EEB6693939BA}.Debug|Any CPU.Build.0 = Debug|Any CPU
		{AB3C3FFF-428D-403E-BC1D-EEB6693939BA}.Release|Any CPU.ActiveCfg = Release|Any CPU
		{AB3C3FFF-428D-403E-BC1D-EEB6693939BA}.Release|Any CPU.Build.0 = Release|Any CPU
	EndGlobalSection
	GlobalSection(SolutionProperties) = preSolution
		HideSolutionNode = FALSE
	EndGlobalSection
	GlobalSection(ExtensibilityGlobals) = postSolution
		SolutionGuid = {380E7E6E-3AF0-4BF8-8F02-823A73B6CC5E}
	EndGlobalSection
EndGlobal
